
Microsoft Visual Studio Solution File, Format Version 12.00
# Visual Studio Version 17
VisualStudioVersion = 17.0.32014.148
MinimumVisualStudioVersion = 10.0.40219.1
Project("{FAE04EC0-301F-11D3-BF4B-00C04F79EFBC}") = "ConsoleArrayTest", "ConsoleArrayTest.csproj", "{A25E78DD-0E08-4B91-8025-8B2717FCE22F}"
EndProject
Global
	GlobalSection(SolutionConfigurationPlatforms) = preSolution
		Debug|Any CPU = Debug|Any CPU
		Release|Any CPU = Release|Any CPU
	EndGlobalSection
	GlobalSection(ProjectConfigurationPlatforms) = postSolution
		{A25E78DD-0E08-4B91-8025-8B2717FCE22F}.Debug|Any CPU.ActiveCfg = Debug|Any CPU
		{A25E78DD-0E08-4B91-8025-8B2717FCE22F}.Debug|Any CPU.Build.0 = Debug|Any CPU
		{A25E78DD-0E08-4B91-8025-8B2717FCE22F}.Release|Any CPU.ActiveCfg = Release|Any CPU
		{A25E78DD-0E08-4B91-8025-8B2717FCE22F}.Release|Any CPU.Build.0 = Release|Any CPU
	EndGlobalSection
	GlobalSection(SolutionProperties) = preSolution
		HideSolutionNode = FALSE
	EndGlobalSection
	GlobalSection(ExtensibilityGlobals) = postSolution
		SolutionGuid = {B3C33D7E-F78C-418D-948B-D0B685490D5A}
	EndGlobalSection
EndGlobal
